
Microsoft Visual Studio Solution File, Format Version 12.00
# Visual Studio Version 16
VisualStudioVersion = 16.0.29503.13
MinimumVisualStudioVersion = 10.0.40219.1
Project("{FAE04EC0-301F-11D3-BF4B-00C04F79EFBC}") = "Kurs1", "Kurs1.csproj", "{4ADF992D-9B51-4554-9987-490A17ACEE80}"
EndProject
Global
	GlobalSection(SolutionConfigurationPlatforms) = preSolution
		Debug|Any CPU = Debug|Any CPU
		Release|Any CPU = Release|Any CPU
	EndGlobalSection
	GlobalSection(ProjectConfigurationPlatforms) = postSolution
		{4ADF992D-9B51-4554-9987-490A17ACEE80}.Debug|Any CPU.ActiveCfg = Debug|Any CPU
		{4ADF992D-9B51-4554-9987-490A17ACEE80}.Debug|Any CPU.Build.0 = Debug|Any CPU
		{4ADF992D-9B51-4554-9987-490A17ACEE80}.Release|Any CPU.ActiveCfg = Release|Any CPU
		{4ADF992D-9B51-4554-9987-490A17ACEE80}.Release|Any CPU.Build.0 = Release|Any CPU
	EndGlobalSection
	GlobalSection(SolutionProperties) = preSolution
		HideSolutionNode = FALSE
	EndGlobalSection
	GlobalSection(ExtensibilityGlobals) = postSolution
		SolutionGuid = {DB1F9519-4369-43FB-B0B4-BFC5EFC1D0FC}
	EndGlobalSection
EndGlobal
